// !$*UTF8*$!
{
	archiveVersion = 1;
	classes = {
	};
	objectVersion = 56;
	objects = {

/* Begin PBXBuildFile section */
		270983E22A9E3445003AF729 /* AppDelegate.swift in Sources */ = {isa = PBXBuildFile; fileRef = 270983E12A9E3445003AF729 /* AppDelegate.swift */; };
		270983E42A9E3445003AF729 /* SceneDelegate.swift in Sources */ = {isa = PBXBuildFile; fileRef = 270983E32A9E3445003AF729 /* SceneDelegate.swift */; };
		270983E62A9E3445003AF729 /* ViewController.swift in Sources */ = {isa = PBXBuildFile; fileRef = 270983E52A9E3445003AF729 /* ViewController.swift */; };
		270983EB2A9E3446003AF729 /* Assets.xcassets in Resources */ = {isa = PBXBuildFile; fileRef = 270983EA2A9E3446003AF729 /* Assets.xcassets */; };
		270983EE2A9E3446003AF729 /* LaunchScreen.storyboard in Resources */ = {isa = PBXBuildFile; fileRef = 270983EC2A9E3446003AF729 /* LaunchScreen.storyboard */; };
		270983F92A9E37E8003AF729 /* TabBarController.swift in Sources */ = {isa = PBXBuildFile; fileRef = 270983F82A9E37E8003AF729 /* TabBarController.swift */; };
		270983FC2A9E3B32003AF729 /* SnapKit in Frameworks */ = {isa = PBXBuildFile; productRef = 270983FB2A9E3B32003AF729 /* SnapKit */; };
		270983FE2A9E3BC0003AF729 /* TabItems.swift in Sources */ = {isa = PBXBuildFile; fileRef = 270983FD2A9E3BC0003AF729 /* TabItems.swift */; };
		270984012A9E3CF8003AF729 /* AppImage.swift in Sources */ = {isa = PBXBuildFile; fileRef = 270984002A9E3CF8003AF729 /* AppImage.swift */; };
		270984032A9E3D09003AF729 /* AppColor.swift in Sources */ = {isa = PBXBuildFile; fileRef = 270984022A9E3D09003AF729 /* AppColor.swift */; };
		270984052A9E3D14003AF729 /* AppFont.swift in Sources */ = {isa = PBXBuildFile; fileRef = 270984042A9E3D14003AF729 /* AppFont.swift */; };
		2709840B2A9E4088003AF729 /* Avenirnextcyr-Demi.ttf in Resources */ = {isa = PBXBuildFile; fileRef = 270984072A9E4088003AF729 /* Avenirnextcyr-Demi.ttf */; };
		2709840C2A9E4088003AF729 /* Avenirnextcyr-Regular.ttf in Resources */ = {isa = PBXBuildFile; fileRef = 270984082A9E4088003AF729 /* Avenirnextcyr-Regular.ttf */; };
		2709840D2A9E4088003AF729 /* Avenirnextcyr-Bold.ttf in Resources */ = {isa = PBXBuildFile; fileRef = 270984092A9E4088003AF729 /* Avenirnextcyr-Bold.ttf */; };
		2709840E2A9E4088003AF729 /* Avenirnextcyr-Medium.ttf in Resources */ = {isa = PBXBuildFile; fileRef = 2709840A2A9E4088003AF729 /* Avenirnextcyr-Medium.ttf */; };
/* End PBXBuildFile section */

/* Begin PBXFileReference section */
		270983DE2A9E3445003AF729 /* SpotifyUI.app */ = {isa = PBXFileReference; explicitFileType = wrapper.application; includeInIndex = 0; path = SpotifyUI.app; sourceTree = BUILT_PRODUCTS_DIR; };
		270983E12A9E3445003AF729 /* AppDelegate.swift */ = {isa = PBXFileReference; lastKnownFileType = sourcecode.swift; path = AppDelegate.swift; sourceTree = "<group>"; };
		270983E32A9E3445003AF729 /* SceneDelegate.swift */ = {isa = PBXFileReference; lastKnownFileType = sourcecode.swift; path = SceneDelegate.swift; sourceTree = "<group>"; };
		270983E52A9E3445003AF729 /* ViewController.swift */ = {isa = PBXFileReference; lastKnownFileType = sourcecode.swift; path = ViewController.swift; sourceTree = "<group>"; };
		270983EA2A9E3446003AF729 /* Assets.xcassets */ = {isa = PBXFileReference; lastKnownFileType = folder.assetcatalog; path = Assets.xcassets; sourceTree = "<group>"; };
		270983ED2A9E3446003AF729 /* Base */ = {isa = PBXFileReference; lastKnownFileType = file.storyboard; name = Base; path = Base.lproj/LaunchScreen.storyboard; sourceTree = "<group>"; };
		270983EF2A9E3446003AF729 /* Info.plist */ = {isa = PBXFileReference; lastKnownFileType = text.plist.xml; path = Info.plist; sourceTree = "<group>"; };
		270983F82A9E37E8003AF729 /* TabBarController.swift */ = {isa = PBXFileReference; lastKnownFileType = sourcecode.swift; path = TabBarController.swift; sourceTree = "<group>"; };
		270983FD2A9E3BC0003AF729 /* TabItems.swift */ = {isa = PBXFileReference; lastKnownFileType = sourcecode.swift; path = TabItems.swift; sourceTree = "<group>"; };
		270984002A9E3CF8003AF729 /* AppImage.swift */ = {isa = PBXFileReference; lastKnownFileType = sourcecode.swift; path = AppImage.swift; sourceTree = "<group>"; };
		270984022A9E3D09003AF729 /* AppColor.swift */ = {isa = PBXFileReference; lastKnownFileType = sourcecode.swift; path = AppColor.swift; sourceTree = "<group>"; };
		270984042A9E3D14003AF729 /* AppFont.swift */ = {isa = PBXFileReference; lastKnownFileType = sourcecode.swift; path = AppFont.swift; sourceTree = "<group>"; };
		270984072A9E4088003AF729 /* Avenirnextcyr-Demi.ttf */ = {isa = PBXFileReference; lastKnownFileType = file; path = "Avenirnextcyr-Demi.ttf"; sourceTree = "<group>"; };
		270984082A9E4088003AF729 /* Avenirnextcyr-Regular.ttf */ = {isa = PBXFileReference; lastKnownFileType = file; path = "Avenirnextcyr-Regular.ttf"; sourceTree = "<group>"; };
		270984092A9E4088003AF729 /* Avenirnextcyr-Bold.ttf */ = {isa = PBXFileReference; lastKnownFileType = file; path = "Avenirnextcyr-Bold.ttf"; sourceTree = "<group>"; };
		2709840A2A9E4088003AF729 /* Avenirnextcyr-Medium.ttf */ = {isa = PBXFileReference; lastKnownFileType = file; path = "Avenirnextcyr-Medium.ttf"; sourceTree = "<group>"; };
/* End PBXFileReference section */

/* Begin PBXFrameworksBuildPhase section */
		270983DB2A9E3445003AF729 /* Frameworks */ = {
			isa = PBXFrameworksBuildPhase;
			buildActionMask = 2147483647;
			files = (
				270983FC2A9E3B32003AF729 /* SnapKit in Frameworks */,
			);
			runOnlyForDeploymentPostprocessing = 0;
		};
/* End PBXFrameworksBuildPhase section */

/* Begin PBXGroup section */
		270983D52A9E3445003AF729 = {
			isa = PBXGroup;
			children = (
				270983E02A9E3445003AF729 /* SpotifyUI */,
				270983DF2A9E3445003AF729 /* Products */,
			);
			sourceTree = "<group>";
		};
		270983DF2A9E3445003AF729 /* Products */ = {
			isa = PBXGroup;
			children = (
				270983DE2A9E3445003AF729 /* SpotifyUI.app */,
			);
			name = Products;
			sourceTree = "<group>";
		};
		270983E02A9E3445003AF729 /* SpotifyUI */ = {
			isa = PBXGroup;
			children = (
				270983F52A9E347E003AF729 /* Application */,
				270983F62A9E3489003AF729 /* SupportingFiles */,
				270983FF2A9E3CD7003AF729 /* UIResources */,
				270983F72A9E379B003AF729 /* TabBar */,
				270983E52A9E3445003AF729 /* ViewController.swift */,
			);
			path = SpotifyUI;
			sourceTree = "<group>";
		};
		270983F52A9E347E003AF729 /* Application */ = {
			isa = PBXGroup;
			children = (
				270983E12A9E3445003AF729 /* AppDelegate.swift */,
				270983E32A9E3445003AF729 /* SceneDelegate.swift */,
			);
			path = Application;
			sourceTree = "<group>";
		};
		270983F62A9E3489003AF729 /* SupportingFiles */ = {
			isa = PBXGroup;
			children = (
				270983EA2A9E3446003AF729 /* Assets.xcassets */,
				270983EC2A9E3446003AF729 /* LaunchScreen.storyboard */,
				270983EF2A9E3446003AF729 /* Info.plist */,
			);
			path = SupportingFiles;
			sourceTree = "<group>";
		};
		270983F72A9E379B003AF729 /* TabBar */ = {
			isa = PBXGroup;
			children = (
				270983FD2A9E3BC0003AF729 /* TabItems.swift */,
				270983F82A9E37E8003AF729 /* TabBarController.swift */,
			);
			path = TabBar;
			sourceTree = "<group>";
		};
		270983FF2A9E3CD7003AF729 /* UIResources */ = {
			isa = PBXGroup;
			children = (
				270984062A9E403C003AF729 /* Font */,
				270984002A9E3CF8003AF729 /* AppImage.swift */,
				270984022A9E3D09003AF729 /* AppColor.swift */,
				270984042A9E3D14003AF729 /* AppFont.swift */,
			);
			path = UIResources;
			sourceTree = "<group>";
		};
		270984062A9E403C003AF729 /* Font */ = {
			isa = PBXGroup;
			children = (
				270984092A9E4088003AF729 /* Avenirnextcyr-Bold.ttf */,
				270984072A9E4088003AF729 /* Avenirnextcyr-Demi.ttf */,
				2709840A2A9E4088003AF729 /* Avenirnextcyr-Medium.ttf */,
				270984082A9E4088003AF729 /* Avenirnextcyr-Regular.ttf */,
			);
			path = Font;
			sourceTree = "<group>";
		};
/* End PBXGroup section */

/* Begin PBXNativeTarget section */
		270983DD2A9E3445003AF729 /* SpotifyUI */ = {
			isa = PBXNativeTarget;
			buildConfigurationList = 270983F22A9E3446003AF729 /* Build configuration list for PBXNativeTarget "SpotifyUI" */;
			buildPhases = (
				270983DA2A9E3445003AF729 /* Sources */,
				270983DB2A9E3445003AF729 /* Frameworks */,
				270983DC2A9E3445003AF729 /* Resources */,
			);
			buildRules = (
			);
			dependencies = (
			);
			name = SpotifyUI;
			packageProductDependencies = (
				270983FB2A9E3B32003AF729 /* SnapKit */,
			);
			productName = SpotifyUI;
			productReference = 270983DE2A9E3445003AF729 /* SpotifyUI.app */;
			productType = "com.apple.product-type.application";
		};
/* End PBXNativeTarget section */

/* Begin PBXProject section */
		270983D62A9E3445003AF729 /* Project object */ = {
			isa = PBXProject;
			attributes = {
				BuildIndependentTargetsInParallel = 1;
				LastSwiftUpdateCheck = 1430;
				LastUpgradeCheck = 1430;
				TargetAttributes = {
					270983DD2A9E3445003AF729 = {
						CreatedOnToolsVersion = 14.3.1;
					};
				};
			};
			buildConfigurationList = 270983D92A9E3445003AF729 /* Build configuration list for PBXProject "SpotifyUI" */;
			compatibilityVersion = "Xcode 14.0";
			developmentRegion = en;
			hasScannedForEncodings = 0;
			knownRegions = (
				en,
				Base,
			);
			mainGroup = 270983D52A9E3445003AF729;
			packageReferences = (
				270983FA2A9E3B32003AF729 /* XCRemoteSwiftPackageReference "SnapKit" */,
			);
			productRefGroup = 270983DF2A9E3445003AF729 /* Products */;
			projectDirPath = "";
			projectRoot = "";
			targets = (
				270983DD2A9E3445003AF729 /* SpotifyUI */,
			);
		};
/* End PBXProject section */

/* Begin PBXResourcesBuildPhase section */
		270983DC2A9E3445003AF729 /* Resources */ = {
			isa = PBXResourcesBuildPhase;
			buildActionMask = 2147483647;
			files = (
				270983EE2A9E3446003AF729 /* LaunchScreen.storyboard in Resources */,
				2709840D2A9E4088003AF729 /* Avenirnextcyr-Bold.ttf in Resources */,
				2709840E2A9E4088003AF729 /* Avenirnextcyr-Medium.ttf in Resources */,
				2709840B2A9E4088003AF729 /* Avenirnextcyr-Demi.ttf in Resources */,
				2709840C2A9E4088003AF729 /* Avenirnextcyr-Regular.ttf in Resources */,
				270983EB2A9E3446003AF729 /* Assets.xcassets in Resources */,
			);
			runOnlyForDeploymentPostprocessing = 0;
		};
/* End PBXResourcesBuildPhase section */

/* Begin PBXSourcesBuildPhase section */
		270983DA2A9E3445003AF729 /* Sources */ = {
			isa = PBXSourcesBuildPhase;
			buildActionMask = 2147483647;
			files = (
				270984052A9E3D14003AF729 /* AppFont.swift in Sources */,
				270983E62A9E3445003AF729 /* ViewController.swift in Sources */,
				270983F92A9E37E8003AF729 /* TabBarController.swift in Sources */,
				270983E22A9E3445003AF729 /* AppDelegate.swift in Sources */,
				270984032A9E3D09003AF729 /* AppColor.swift in Sources */,
				270983FE2A9E3BC0003AF729 /* TabItems.swift in Sources */,
				270983E42A9E3445003AF729 /* SceneDelegate.swift in Sources */,
				270984012A9E3CF8003AF729 /* AppImage.swift in Sources */,
			);
			runOnlyForDeploymentPostprocessing = 0;
		};
/* End PBXSourcesBuildPhase section */

/* Begin PBXVariantGroup section */
		270983EC2A9E3446003AF729 /* LaunchScreen.storyboard */ = {
			isa = PBXVariantGroup;
			children = (
				270983ED2A9E3446003AF729 /* Base */,
			);
			name = LaunchScreen.storyboard;
			sourceTree = "<group>";
		};
/* End PBXVariantGroup section */

/* Begin XCBuildConfiguration section */
		270983F02A9E3446003AF729 /* Debug */ = {
			isa = XCBuildConfiguration;
			buildSettings = {
				ALWAYS_SEARCH_USER_PATHS = NO;
				CLANG_ANALYZER_NONNULL = YES;
				CLANG_ANALYZER_NUMBER_OBJECT_CONVERSION = YES_AGGRESSIVE;
				CLANG_CXX_LANGUAGE_STANDARD = "gnu++20";
				CLANG_ENABLE_MODULES = YES;
				CLANG_ENABLE_OBJC_ARC = YES;
				CLANG_ENABLE_OBJC_WEAK = YES;
				CLANG_WARN_BLOCK_CAPTURE_AUTORELEASING = YES;
				CLANG_WARN_BOOL_CONVERSION = YES;
				CLANG_WARN_COMMA = YES;
				CLANG_WARN_CONSTANT_CONVERSION = YES;
				CLANG_WARN_DEPRECATED_OBJC_IMPLEMENTATIONS = YES;
				CLANG_WARN_DIRECT_OBJC_ISA_USAGE = YES_ERROR;
				CLANG_WARN_DOCUMENTATION_COMMENTS = YES;
				CLANG_WARN_EMPTY_BODY = YES;
				CLANG_WARN_ENUM_CONVERSION = YES;
				CLANG_WARN_INFINITE_RECURSION = YES;
				CLANG_WARN_INT_CONVERSION = YES;
				CLANG_WARN_NON_LITERAL_NULL_CONVERSION = YES;
				CLANG_WARN_OBJC_IMPLICIT_RETAIN_SELF = YES;
				CLANG_WARN_OBJC_LITERAL_CONVERSION = YES;
				CLANG_WARN_OBJC_ROOT_CLASS = YES_ERROR;
				CLANG_WARN_QUOTED_INCLUDE_IN_FRAMEWORK_HEADER = YES;
				CLANG_WARN_RANGE_LOOP_ANALYSIS = YES;
				CLANG_WARN_STRICT_PROTOTYPES = YES;
				CLANG_WARN_SUSPICIOUS_MOVE = YES;
				CLANG_WARN_UNGUARDED_AVAILABILITY = YES_AGGRESSIVE;
				CLANG_WARN_UNREACHABLE_CODE = YES;
				CLANG_WARN__DUPLICATE_METHOD_MATCH = YES;
				COPY_PHASE_STRIP = NO;
				DEBUG_INFORMATION_FORMAT = dwarf;
				ENABLE_STRICT_OBJC_MSGSEND = YES;
				ENABLE_TESTABILITY = YES;
				GCC_C_LANGUAGE_STANDARD = gnu11;
				GCC_DYNAMIC_NO_PIC = NO;
				GCC_NO_COMMON_BLOCKS = YES;
				GCC_OPTIMIZATION_LEVEL = 0;
				GCC_PREPROCESSOR_DEFINITIONS = (
					"DEBUG=1",
					"$(inherited)",
				);
				GCC_WARN_64_TO_32_BIT_CONVERSION = YES;
				GCC_WARN_ABOUT_RETURN_TYPE = YES_ERROR;
				GCC_WARN_UNDECLARED_SELECTOR = YES;
				GCC_WARN_UNINITIALIZED_AUTOS = YES_AGGRESSIVE;
				GCC_WARN_UNUSED_FUNCTION = YES;
				GCC_WARN_UNUSED_VARIABLE = YES;
				IPHONEOS_DEPLOYMENT_TARGET = 16.4;
				MTL_ENABLE_DEBUG_INFO = INCLUDE_SOURCE;
				MTL_FAST_MATH = YES;
				ONLY_ACTIVE_ARCH = YES;
				SDKROOT = iphoneos;
				SWIFT_ACTIVE_COMPILATION_CONDITIONS = DEBUG;
				SWIFT_OPTIMIZATION_LEVEL = "-Onone";
			};
			name = Debug;
		};
		270983F12A9E3446003AF729 /* Release */ = {
			isa = XCBuildConfiguration;
			buildSettings = {
				ALWAYS_SEARCH_USER_PATHS = NO;
				CLANG_ANALYZER_NONNULL = YES;
				CLANG_ANALYZER_NUMBER_OBJECT_CONVERSION = YES_AGGRESSIVE;
				CLANG_CXX_LANGUAGE_STANDARD = "gnu++20";
				CLANG_ENABLE_MODULES = YES;
				CLANG_ENABLE_OBJC_ARC = YES;
				CLANG_ENABLE_OBJC_WEAK = YES;
				CLANG_WARN_BLOCK_CAPTURE_AUTORELEASING = YES;
				CLANG_WARN_BOOL_CONVERSION = YES;
				CLANG_WARN_COMMA = YES;
				CLANG_WARN_CONSTANT_CONVERSION = YES;
				CLANG_WARN_DEPRECATED_OBJC_IMPLEMENTATIONS = YES;
				CLANG_WARN_DIRECT_OBJC_ISA_USAGE = YES_ERROR;
				CLANG_WARN_DOCUMENTATION_COMMENTS = YES;
				CLANG_WARN_EMPTY_BODY = YES;
				CLANG_WARN_ENUM_CONVERSION = YES;
				CLANG_WARN_INFINITE_RECURSION = YES;
				CLANG_WARN_INT_CONVERSION = YES;
				CLANG_WARN_NON_LITERAL_NULL_CONVERSION = YES;
				CLANG_WARN_OBJC_IMPLICIT_RETAIN_SELF = YES;
				CLANG_WARN_OBJC_LITERAL_CONVERSION = YES;
				CLANG_WARN_OBJC_ROOT_CLASS = YES_ERROR;
				CLANG_WARN_QUOTED_INCLUDE_IN_FRAMEWORK_HEADER = YES;
				CLANG_WARN_RANGE_LOOP_ANALYSIS = YES;
				CLANG_WARN_STRICT_PROTOTYPES = YES;
				CLANG_WARN_SUSPICIOUS_MOVE = YES;
				CLANG_WARN_UNGUARDED_AVAILABILITY = YES_AGGRESSIVE;
				CLANG_WARN_UNREACHABLE_CODE = YES;
				CLANG_WARN__DUPLICATE_METHOD_MATCH = YES;
				COPY_PHASE_STRIP = NO;
				DEBUG_INFORMATION_FORMAT = "dwarf-with-dsym";
				ENABLE_NS_ASSERTIONS = NO;
				ENABLE_STRICT_OBJC_MSGSEND = YES;
				GCC_C_LANGUAGE_STANDARD = gnu11;
				GCC_NO_COMMON_BLOCKS = YES;
				GCC_WARN_64_TO_32_BIT_CONVERSION = YES;
				GCC_WARN_ABOUT_RETURN_TYPE = YES_ERROR;
				GCC_WARN_UNDECLARED_SELECTOR = YES;
				GCC_WARN_UNINITIALIZED_AUTOS = YES_AGGRESSIVE;
				GCC_WARN_UNUSED_FUNCTION = YES;
				GCC_WARN_UNUSED_VARIABLE = YES;
				IPHONEOS_DEPLOYMENT_TARGET = 16.4;
				MTL_ENABLE_DEBUG_INFO = NO;
				MTL_FAST_MATH = YES;
				SDKROOT = iphoneos;
				SWIFT_COMPILATION_MODE = wholemodule;
				SWIFT_OPTIMIZATION_LEVEL = "-O";
				VALIDATE_PRODUCT = YES;
			};
			name = Release;
		};
		270983F32A9E3446003AF729 /* Debug */ = {
			isa = XCBuildConfiguration;
			buildSettings = {
				ASSETCATALOG_COMPILER_APPICON_NAME = AppIcon;
				ASSETCATALOG_COMPILER_GLOBAL_ACCENT_COLOR_NAME = AccentColor;
				CODE_SIGN_STYLE = Automatic;
				CURRENT_PROJECT_VERSION = 1;
				DEVELOPMENT_TEAM = 2YW3Q5CP4C;
				GENERATE_INFOPLIST_FILE = YES;
				INFOPLIST_FILE = SpotifyUI/SupportingFiles/Info.plist;
				INFOPLIST_KEY_UIApplicationSupportsIndirectInputEvents = YES;
				INFOPLIST_KEY_UILaunchStoryboardName = LaunchScreen;
				INFOPLIST_KEY_UIMainStoryboardFile = "";
				INFOPLIST_KEY_UISupportedInterfaceOrientations = UIInterfaceOrientationPortrait;
				INFOPLIST_KEY_UISupportedInterfaceOrientations_iPad = "UIInterfaceOrientationLandscapeLeft UIInterfaceOrientationLandscapeRight UIInterfaceOrientationPortrait UIInterfaceOrientationPortraitUpsideDown";
				LD_RUNPATH_SEARCH_PATHS = (
					"$(inherited)",
					"@executable_path/Frameworks",
				);
				MARKETING_VERSION = 1.0;
				PRODUCT_BUNDLE_IDENTIFIER = ospanovadinara.SpotifyUI;
				PRODUCT_NAME = "$(TARGET_NAME)";
				SUPPORTED_PLATFORMS = "iphoneos iphonesimulator";
				SUPPORTS_MACCATALYST = NO;
				SUPPORTS_MAC_DESIGNED_FOR_IPHONE_IPAD = NO;
				SWIFT_EMIT_LOC_STRINGS = YES;
				SWIFT_VERSION = 5.0;
				TARGETED_DEVICE_FAMILY = 1;
			};
			name = Debug;
		};
		270983F42A9E3446003AF729 /* Release */ = {
			isa = XCBuildConfiguration;
			buildSettings = {
				ASSETCATALOG_COMPILER_APPICON_NAME = AppIcon;
				ASSETCATALOG_COMPILER_GLOBAL_ACCENT_COLOR_NAME = AccentColor;
				CODE_SIGN_STYLE = Automatic;
				CURRENT_PROJECT_VERSION = 1;
				DEVELOPMENT_TEAM = 2YW3Q5CP4C;
				GENERATE_INFOPLIST_FILE = YES;
				INFOPLIST_FILE = SpotifyUI/SupportingFiles/Info.plist;
				INFOPLIST_KEY_UIApplicationSupportsIndirectInputEvents = YES;
				INFOPLIST_KEY_UILaunchStoryboardName = LaunchScreen;
				INFOPLIST_KEY_UIMainStoryboardFile = "";
				INFOPLIST_KEY_UISupportedInterfaceOrientations = UIInterfaceOrientationPortrait;
				INFOPLIST_KEY_UISupportedInterfaceOrientations_iPad = "UIInterfaceOrientationLandscapeLeft UIInterfaceOrientationLandscapeRight UIInterfaceOrientationPortrait UIInterfaceOrientationPortraitUpsideDown";
				LD_RUNPATH_SEARCH_PATHS = (
					"$(inherited)",
					"@executable_path/Frameworks",
				);
				MARKETING_VERSION = 1.0;
				PRODUCT_BUNDLE_IDENTIFIER = ospanovadinara.SpotifyUI;
				PRODUCT_NAME = "$(TARGET_NAME)";
				SUPPORTED_PLATFORMS = "iphoneos iphonesimulator";
				SUPPORTS_MACCATALYST = NO;
				SUPPORTS_MAC_DESIGNED_FOR_IPHONE_IPAD = NO;
				SWIFT_EMIT_LOC_STRINGS = YES;
				SWIFT_VERSION = 5.0;
				TARGETED_DEVICE_FAMILY = 1;
			};
			name = Release;
		};
/* End XCBuildConfiguration section */

/* Begin XCConfigurationList section */
		270983D92A9E3445003AF729 /* Build configuration list for PBXProject "SpotifyUI" */ = {
			isa = XCConfigurationList;
			buildConfigurations = (
				270983F02A9E3446003AF729 /* Debug */,
				270983F12A9E3446003AF729 /* Release */,
			);
			defaultConfigurationIsVisible = 0;
			defaultConfigurationName = Release;
		};
		270983F22A9E3446003AF729 /* Build configuration list for PBXNativeTarget "SpotifyUI" */ = {
			isa = XCConfigurationList;
			buildConfigurations = (
				270983F32A9E3446003AF729 /* Debug */,
				270983F42A9E3446003AF729 /* Release */,
			);
			defaultConfigurationIsVisible = 0;
			defaultConfigurationName = Release;
		};
/* End XCConfigurationList section */

/* Begin XCRemoteSwiftPackageReference section */
		270983FA2A9E3B32003AF729 /* XCRemoteSwiftPackageReference "SnapKit" */ = {
			isa = XCRemoteSwiftPackageReference;
			repositoryURL = "https://github.com/SnapKit/SnapKit.git";
			requirement = {
				kind = upToNextMajorVersion;
				minimumVersion = 5.0.0;
			};
		};
/* End XCRemoteSwiftPackageReference section */

/* Begin XCSwiftPackageProductDependency section */
		270983FB2A9E3B32003AF729 /* SnapKit */ = {
			isa = XCSwiftPackageProductDependency;
			package = 270983FA2A9E3B32003AF729 /* XCRemoteSwiftPackageReference "SnapKit" */;
			productName = SnapKit;
		};
/* End XCSwiftPackageProductDependency section */
	};
	rootObject = 270983D62A9E3445003AF729 /* Project object */;
}
